// !$*UTF8*$!
{
	archiveVersion = 1;
	classes = {
	};
	objectVersion = 46;
	objects = {

/* Begin PBXBuildFile section */
		744902EE1D11A5D400A48E3B /* BalloonTests.swift in Sources */ = {isa = PBXBuildFile; fileRef = 744902ED1D11A5D400A48E3B /* BalloonTests.swift */; };
		744902F91D11A5D400A48E3B /* BalloonUITests.swift in Sources */ = {isa = PBXBuildFile; fileRef = 744902F81D11A5D400A48E3B /* BalloonUITests.swift */; };
		744903401D11A97200A48E3B /* AppDelegate.swift in Sources */ = {isa = PBXBuildFile; fileRef = 744903291D11A97200A48E3B /* AppDelegate.swift */; };
		744903411D11A97200A48E3B /* Degenerator.storyboard in Resources */ = {isa = PBXBuildFile; fileRef = 7449032E1D11A97200A48E3B /* Degenerator.storyboard */; };
		744903421D11A97200A48E3B /* Home.storyboard in Resources */ = {isa = PBXBuildFile; fileRef = 744903301D11A97200A48E3B /* Home.storyboard */; };
		744903431D11A97200A48E3B /* Main.storyboard in Resources */ = {isa = PBXBuildFile; fileRef = 744903321D11A97200A48E3B /* Main.storyboard */; };
		744903441D11A97200A48E3B /* MainTabBarController.swift in Sources */ = {isa = PBXBuildFile; fileRef = 744903331D11A97200A48E3B /* MainTabBarController.swift */; };
		744903451D11A97200A48E3B /* PrivateResidence.storyboard in Resources */ = {isa = PBXBuildFile; fileRef = 744903351D11A97200A48E3B /* PrivateResidence.storyboard */; };
		744903461D11A97200A48E3B /* TimeLine.storyboard in Resources */ = {isa = PBXBuildFile; fileRef = 744903371D11A97200A48E3B /* TimeLine.storyboard */; };
		744903471D11A97200A48E3B /* Assets.xcassets in Resources */ = {isa = PBXBuildFile; fileRef = 744903391D11A97200A48E3B /* Assets.xcassets */; };
		744903481D11A97200A48E3B /* Info.plist in Resources */ = {isa = PBXBuildFile; fileRef = 7449033A1D11A97200A48E3B /* Info.plist */; };
		744903491D11A97200A48E3B /* LaunchScreen.storyboard in Resources */ = {isa = PBXBuildFile; fileRef = 7449033C1D11A97200A48E3B /* LaunchScreen.storyboard */; };
		7449034A1D11A97200A48E3B /* ViewController.swift in Sources */ = {isa = PBXBuildFile; fileRef = 7449033F1D11A97200A48E3B /* ViewController.swift */; };
		7449034C1D11AA2E00A48E3B /* DegeneratorController.swift in Sources */ = {isa = PBXBuildFile; fileRef = 7449034B1D11AA2E00A48E3B /* DegeneratorController.swift */; };
		7449034E1D11AA3D00A48E3B /* HomeController.swift in Sources */ = {isa = PBXBuildFile; fileRef = 7449034D1D11AA3D00A48E3B /* HomeController.swift */; };
		744903501D11AA5700A48E3B /* PrivateResidenceController.swift in Sources */ = {isa = PBXBuildFile; fileRef = 7449034F1D11AA5700A48E3B /* PrivateResidenceController.swift */; };
		744903521D11AA6400A48E3B /* TimeLineController.swift in Sources */ = {isa = PBXBuildFile; fileRef = 744903511D11AA6400A48E3B /* TimeLineController.swift */; };
/* End PBXBuildFile section */

/* Begin PBXContainerItemProxy section */
		744902EA1D11A5D400A48E3B /* PBXContainerItemProxy */ = {
			isa = PBXContainerItemProxy;
			containerPortal = 744902CD1D11A5D400A48E3B /* Project object */;
			proxyType = 1;
			remoteGlobalIDString = 744902D41D11A5D400A48E3B;
			remoteInfo = Balloon;
		};
		744902F51D11A5D400A48E3B /* PBXContainerItemProxy */ = {
			isa = PBXContainerItemProxy;
			containerPortal = 744902CD1D11A5D400A48E3B /* Project object */;
			proxyType = 1;
			remoteGlobalIDString = 744902D41D11A5D400A48E3B;
			remoteInfo = Balloon;
		};
/* End PBXContainerItemProxy section */

/* Begin PBXFileReference section */
		744902D51D11A5D400A48E3B /* Balloon.app */ = {isa = PBXFileReference; explicitFileType = wrapper.application; includeInIndex = 0; path = Balloon.app; sourceTree = BUILT_PRODUCTS_DIR; };
		744902E91D11A5D400A48E3B /* BalloonTests.xctest */ = {isa = PBXFileReference; explicitFileType = wrapper.cfbundle; includeInIndex = 0; path = BalloonTests.xctest; sourceTree = BUILT_PRODUCTS_DIR; };
		744902ED1D11A5D400A48E3B /* BalloonTests.swift */ = {isa = PBXFileReference; lastKnownFileType = sourcecode.swift; path = BalloonTests.swift; sourceTree = "<group>"; };
		744902EF1D11A5D400A48E3B /* Info.plist */ = {isa = PBXFileReference; lastKnownFileType = text.plist.xml; path = Info.plist; sourceTree = "<group>"; };
		744902F41D11A5D400A48E3B /* BalloonUITests.xctest */ = {isa = PBXFileReference; explicitFileType = wrapper.cfbundle; includeInIndex = 0; path = BalloonUITests.xctest; sourceTree = BUILT_PRODUCTS_DIR; };
		744902F81D11A5D400A48E3B /* BalloonUITests.swift */ = {isa = PBXFileReference; lastKnownFileType = sourcecode.swift; path = BalloonUITests.swift; sourceTree = "<group>"; };
		744902FA1D11A5D400A48E3B /* Info.plist */ = {isa = PBXFileReference; lastKnownFileType = text.plist.xml; path = Info.plist; sourceTree = "<group>"; };
		744903291D11A97200A48E3B /* AppDelegate.swift */ = {isa = PBXFileReference; fileEncoding = 4; lastKnownFileType = sourcecode.swift; path = AppDelegate.swift; sourceTree = "<group>"; };
		7449032E1D11A97200A48E3B /* Degenerator.storyboard */ = {isa = PBXFileReference; fileEncoding = 4; lastKnownFileType = file.storyboard; path = Degenerator.storyboard; sourceTree = "<group>"; };
		744903301D11A97200A48E3B /* Home.storyboard */ = {isa = PBXFileReference; fileEncoding = 4; lastKnownFileType = file.storyboard; path = Home.storyboard; sourceTree = "<group>"; };
		744903321D11A97200A48E3B /* Main.storyboard */ = {isa = PBXFileReference; fileEncoding = 4; lastKnownFileType = file.storyboard; path = Main.storyboard; sourceTree = "<group>"; };
		744903331D11A97200A48E3B /* MainTabBarController.swift */ = {isa = PBXFileReference; fileEncoding = 4; lastKnownFileType = sourcecode.swift; path = MainTabBarController.swift; sourceTree = "<group>"; };
		744903351D11A97200A48E3B /* PrivateResidence.storyboard */ = {isa = PBXFileReference; fileEncoding = 4; lastKnownFileType = file.storyboard; path = PrivateResidence.storyboard; sourceTree = "<group>"; };
		744903371D11A97200A48E3B /* TimeLine.storyboard */ = {isa = PBXFileReference; fileEncoding = 4; lastKnownFileType = file.storyboard; path = TimeLine.storyboard; sourceTree = "<group>"; };
		744903391D11A97200A48E3B /* Assets.xcassets */ = {isa = PBXFileReference; lastKnownFileType = folder.assetcatalog; path = Assets.xcassets; sourceTree = "<group>"; };
		7449033B1D11A97200A48E3B /* Base */ = {isa = PBXFileReference; lastKnownFileType = text.plist.xml; name = Base; path = Base.lproj/Info.plist; sourceTree = "<group>"; };
		7449033D1D11A97200A48E3B /* Base */ = {isa = PBXFileReference; lastKnownFileType = file.storyboard; name = Base; path = Base.lproj/LaunchScreen.storyboard; sourceTree = "<group>"; };
		7449033F1D11A97200A48E3B /* ViewController.swift */ = {isa = PBXFileReference; fileEncoding = 4; lastKnownFileType = sourcecode.swift; path = ViewController.swift; sourceTree = "<group>"; };
		7449034B1D11AA2E00A48E3B /* DegeneratorController.swift */ = {isa = PBXFileReference; fileEncoding = 4; lastKnownFileType = sourcecode.swift; path = DegeneratorController.swift; sourceTree = "<group>"; };
		7449034D1D11AA3D00A48E3B /* HomeController.swift */ = {isa = PBXFileReference; fileEncoding = 4; lastKnownFileType = sourcecode.swift; path = HomeController.swift; sourceTree = "<group>"; };
		7449034F1D11AA5700A48E3B /* PrivateResidenceController.swift */ = {isa = PBXFileReference; fileEncoding = 4; lastKnownFileType = sourcecode.swift; path = PrivateResidenceController.swift; sourceTree = "<group>"; };
		744903511D11AA6400A48E3B /* TimeLineController.swift */ = {isa = PBXFileReference; fileEncoding = 4; lastKnownFileType = sourcecode.swift; path = TimeLineController.swift; sourceTree = "<group>"; };
/* End PBXFileReference section */

/* Begin PBXFrameworksBuildPhase section */
		744902D21D11A5D400A48E3B /* Frameworks */ = {
			isa = PBXFrameworksBuildPhase;
			buildActionMask = 2147483647;
			files = (
			);
			runOnlyForDeploymentPostprocessing = 0;
		};
		744902E61D11A5D400A48E3B /* Frameworks */ = {
			isa = PBXFrameworksBuildPhase;
			buildActionMask = 2147483647;
			files = (
			);
			runOnlyForDeploymentPostprocessing = 0;
		};
		744902F11D11A5D400A48E3B /* Frameworks */ = {
			isa = PBXFrameworksBuildPhase;
			buildActionMask = 2147483647;
			files = (
			);
			runOnlyForDeploymentPostprocessing = 0;
		};
/* End PBXFrameworksBuildPhase section */

/* Begin PBXGroup section */
		744902CC1D11A5D400A48E3B = {
			isa = PBXGroup;
			children = (
				744903281D11A97200A48E3B /* Balloon */,
				744902EC1D11A5D400A48E3B /* BalloonTests */,
				744902F71D11A5D400A48E3B /* BalloonUITests */,
				744902D61D11A5D400A48E3B /* Products */,
			);
			sourceTree = "<group>";
		};
		744902D61D11A5D400A48E3B /* Products */ = {
			isa = PBXGroup;
			children = (
				744902D51D11A5D400A48E3B /* Balloon.app */,
				744902E91D11A5D400A48E3B /* BalloonTests.xctest */,
				744902F41D11A5D400A48E3B /* BalloonUITests.xctest */,
			);
			name = Products;
			sourceTree = "<group>";
		};
		744902EC1D11A5D400A48E3B /* BalloonTests */ = {
			isa = PBXGroup;
			children = (
				744902EF1D11A5D400A48E3B /* Info.plist */,
				744902ED1D11A5D400A48E3B /* BalloonTests.swift */,
			);
			path = BalloonTests;
			sourceTree = "<group>";
		};
		744902F71D11A5D400A48E3B /* BalloonUITests */ = {
			isa = PBXGroup;
			children = (
				744902F81D11A5D400A48E3B /* BalloonUITests.swift */,
				744902FA1D11A5D400A48E3B /* Info.plist */,
			);
			path = BalloonUITests;
			sourceTree = "<group>";
		};
		744903281D11A97200A48E3B /* Balloon */ = {
			isa = PBXGroup;
			children = (
				744903291D11A97200A48E3B /* AppDelegate.swift */,
				7449032A1D11A97200A48E3B /* classes */,
			);
			path = Balloon;
			sourceTree = "<group>";
		};
		7449032A1D11A97200A48E3B /* classes */ = {
			isa = PBXGroup;
			children = (
				7449033E1D11A97200A48E3B /* Tool */,
				7449032B1D11A97200A48E3B /* Model */,
				7449032C1D11A97200A48E3B /* Module */,
				744903381D11A97200A48E3B /* Other */,
				7449033F1D11A97200A48E3B /* ViewController.swift */,
			);
			path = classes;
			sourceTree = "<group>";
		};
		7449032B1D11A97200A48E3B /* Model */ = {
			isa = PBXGroup;
			children = (
			);
			path = Model;
			sourceTree = "<group>";
		};
		7449032C1D11A97200A48E3B /* Module */ = {
			isa = PBXGroup;
			children = (
				7449032D1D11A97200A48E3B /* Degenerator */,
				7449032F1D11A97200A48E3B /* Home */,
				744903311D11A97200A48E3B /* Main */,
				744903341D11A97200A48E3B /* PrivateResidence */,
				744903361D11A97200A48E3B /* TimeLine */,
			);
			path = Module;
			sourceTree = "<group>";
		};
		7449032D1D11A97200A48E3B /* Degenerator */ = {
			isa = PBXGroup;
			children = (
				7449032E1D11A97200A48E3B /* Degenerator.storyboard */,
				7449034B1D11AA2E00A48E3B /* DegeneratorController.swift */,
			);
			path = Degenerator;
			sourceTree = "<group>";
		};
		7449032F1D11A97200A48E3B /* Home */ = {
			isa = PBXGroup;
			children = (
				744903301D11A97200A48E3B /* Home.storyboard */,
				7449034D1D11AA3D00A48E3B /* HomeController.swift */,
			);
			path = Home;
			sourceTree = "<group>";
		};
		744903311D11A97200A48E3B /* Main */ = {
			isa = PBXGroup;
			children = (
				744903321D11A97200A48E3B /* Main.storyboard */,
				744903331D11A97200A48E3B /* MainTabBarController.swift */,
			);
			path = Main;
			sourceTree = "<group>";
		};
		744903341D11A97200A48E3B /* PrivateResidence */ = {
			isa = PBXGroup;
			children = (
				744903351D11A97200A48E3B /* PrivateResidence.storyboard */,
				7449034F1D11AA5700A48E3B /* PrivateResidenceController.swift */,
			);
			path = PrivateResidence;
			sourceTree = "<group>";
		};
		744903361D11A97200A48E3B /* TimeLine */ = {
			isa = PBXGroup;
			children = (
				744903371D11A97200A48E3B /* TimeLine.storyboard */,
				744903511D11AA6400A48E3B /* TimeLineController.swift */,
			);
			path = TimeLine;
			sourceTree = "<group>";
		};
		744903381D11A97200A48E3B /* Other */ = {
			isa = PBXGroup;
			children = (
				744903391D11A97200A48E3B /* Assets.xcassets */,
				7449033A1D11A97200A48E3B /* Info.plist */,
				7449033C1D11A97200A48E3B /* LaunchScreen.storyboard */,
			);
			path = Other;
			sourceTree = "<group>";
		};
		7449033E1D11A97200A48E3B /* Tool */ = {
			isa = PBXGroup;
			children = (
			);
			path = Tool;
			sourceTree = "<group>";
		};
/* End PBXGroup section */

/* Begin PBXNativeTarget section */
		744902D41D11A5D400A48E3B /* Balloon */ = {
			isa = PBXNativeTarget;
			buildConfigurationList = 744902FD1D11A5D400A48E3B /* Build configuration list for PBXNativeTarget "Balloon" */;
			buildPhases = (
				744902D11D11A5D400A48E3B /* Sources */,
				744902D21D11A5D400A48E3B /* Frameworks */,
				744902D31D11A5D400A48E3B /* Resources */,
			);
			buildRules = (
			);
			dependencies = (
			);
			name = Balloon;
			productName = Balloon;
			productReference = 744902D51D11A5D400A48E3B /* Balloon.app */;
			productType = "com.apple.product-type.application";
		};
		744902E81D11A5D400A48E3B /* BalloonTests */ = {
			isa = PBXNativeTarget;
			buildConfigurationList = 744903001D11A5D400A48E3B /* Build configuration list for PBXNativeTarget "BalloonTests" */;
			buildPhases = (
				744902E51D11A5D400A48E3B /* Sources */,
				744902E61D11A5D400A48E3B /* Frameworks */,
				744902E71D11A5D400A48E3B /* Resources */,
			);
			buildRules = (
			);
			dependencies = (
				744902EB1D11A5D400A48E3B /* PBXTargetDependency */,
			);
			name = BalloonTests;
			productName = BalloonTests;
			productReference = 744902E91D11A5D400A48E3B /* BalloonTests.xctest */;
			productType = "com.apple.product-type.bundle.unit-test";
		};
		744902F31D11A5D400A48E3B /* BalloonUITests */ = {
			isa = PBXNativeTarget;
			buildConfigurationList = 744903031D11A5D400A48E3B /* Build configuration list for PBXNativeTarget "BalloonUITests" */;
			buildPhases = (
				744902F01D11A5D400A48E3B /* Sources */,
				744902F11D11A5D400A48E3B /* Frameworks */,
				744902F21D11A5D400A48E3B /* Resources */,
			);
			buildRules = (
			);
			dependencies = (
				744902F61D11A5D400A48E3B /* PBXTargetDependency */,
			);
			name = BalloonUITests;
			productName = BalloonUITests;
			productReference = 744902F41D11A5D400A48E3B /* BalloonUITests.xctest */;
			productType = "com.apple.product-type.bundle.ui-testing";
		};
/* End PBXNativeTarget section */

/* Begin PBXProject section */
		744902CD1D11A5D400A48E3B /* Project object */ = {
			isa = PBXProject;
			attributes = {
				LastSwiftUpdateCheck = 0800;
				LastUpgradeCheck = 0800;
				ORGANIZATIONNAME = __zimu;
				TargetAttributes = {
					744902D41D11A5D400A48E3B = {
						CreatedOnToolsVersion = 8.0;
						DevelopmentTeam = P3Y3534M9Z;
						DevelopmentTeamName = "旭 韩 (Personal Team)";
						ProvisioningStyle = Automatic;
					};
					744902E81D11A5D400A48E3B = {
						CreatedOnToolsVersion = 8.0;
						DevelopmentTeam = P3Y3534M9Z;
						DevelopmentTeamName = "旭 韩 (Personal Team)";
						ProvisioningStyle = Automatic;
						TestTargetID = 744902D41D11A5D400A48E3B;
					};
					744902F31D11A5D400A48E3B = {
						CreatedOnToolsVersion = 8.0;
						DevelopmentTeam = P3Y3534M9Z;
						DevelopmentTeamName = "旭 韩 (Personal Team)";
						ProvisioningStyle = Automatic;
						TestTargetID = 744902D41D11A5D400A48E3B;
					};
				};
			};
			buildConfigurationList = 744902D01D11A5D400A48E3B /* Build configuration list for PBXProject "Balloon" */;
			compatibilityVersion = "Xcode 3.2";
			developmentRegion = English;
			hasScannedForEncodings = 0;
			knownRegions = (
				en,
				Base,
			);
			mainGroup = 744902CC1D11A5D400A48E3B;
			productRefGroup = 744902D61D11A5D400A48E3B /* Products */;
			projectDirPath = "";
			projectRoot = "";
			targets = (
				744902D41D11A5D400A48E3B /* Balloon */,
				744902E81D11A5D400A48E3B /* BalloonTests */,
				744902F31D11A5D400A48E3B /* BalloonUITests */,
			);
		};
/* End PBXProject section */

/* Begin PBXResourcesBuildPhase section */
		744902D31D11A5D400A48E3B /* Resources */ = {
			isa = PBXResourcesBuildPhase;
			buildActionMask = 2147483647;
			files = (
				744903431D11A97200A48E3B /* Main.storyboard in Resources */,
				744903491D11A97200A48E3B /* LaunchScreen.storyboard in Resources */,
				744903461D11A97200A48E3B /* TimeLine.storyboard in Resources */,
				744903411D11A97200A48E3B /* Degenerator.storyboard in Resources */,
				744903421D11A97200A48E3B /* Home.storyboard in Resources */,
				744903471D11A97200A48E3B /* Assets.xcassets in Resources */,
				744903451D11A97200A48E3B /* PrivateResidence.storyboard in Resources */,
				744903481D11A97200A48E3B /* Info.plist in Resources */,
			);
			runOnlyForDeploymentPostprocessing = 0;
		};
		744902E71D11A5D400A48E3B /* Resources */ = {
			isa = PBXResourcesBuildPhase;
			buildActionMask = 2147483647;
			files = (
			);
			runOnlyForDeploymentPostprocessing = 0;
		};
		744902F21D11A5D400A48E3B /* Resources */ = {
			isa = PBXResourcesBuildPhase;
			buildActionMask = 2147483647;
			files = (
			);
			runOnlyForDeploymentPostprocessing = 0;
		};
/* End PBXResourcesBuildPhase section */

/* Begin PBXSourcesBuildPhase section */
		744902D11D11A5D400A48E3B /* Sources */ = {
			isa = PBXSourcesBuildPhase;
			buildActionMask = 2147483647;
			files = (
				744903501D11AA5700A48E3B /* PrivateResidenceController.swift in Sources */,
				7449034A1D11A97200A48E3B /* ViewController.swift in Sources */,
				744903441D11A97200A48E3B /* MainTabBarController.swift in Sources */,
				7449034C1D11AA2E00A48E3B /* DegeneratorController.swift in Sources */,
				744903521D11AA6400A48E3B /* TimeLineController.swift in Sources */,
				744903401D11A97200A48E3B /* AppDelegate.swift in Sources */,
				7449034E1D11AA3D00A48E3B /* HomeController.swift in Sources */,
			);
			runOnlyForDeploymentPostprocessing = 0;
		};
		744902E51D11A5D400A48E3B /* Sources */ = {
			isa = PBXSourcesBuildPhase;
			buildActionMask = 2147483647;
			files = (
				744902EE1D11A5D400A48E3B /* BalloonTests.swift in Sources */,
			);
			runOnlyForDeploymentPostprocessing = 0;
		};
		744902F01D11A5D400A48E3B /* Sources */ = {
			isa = PBXSourcesBuildPhase;
			buildActionMask = 2147483647;
			files = (
				744902F91D11A5D400A48E3B /* BalloonUITests.swift in Sources */,
			);
			runOnlyForDeploymentPostprocessing = 0;
		};
/* End PBXSourcesBuildPhase section */

/* Begin PBXTargetDependency section */
		744902EB1D11A5D400A48E3B /* PBXTargetDependency */ = {
			isa = PBXTargetDependency;
			target = 744902D41D11A5D400A48E3B /* Balloon */;
			targetProxy = 744902EA1D11A5D400A48E3B /* PBXContainerItemProxy */;
		};
		744902F61D11A5D400A48E3B /* PBXTargetDependency */ = {
			isa = PBXTargetDependency;
			target = 744902D41D11A5D400A48E3B /* Balloon */;
			targetProxy = 744902F51D11A5D400A48E3B /* PBXContainerItemProxy */;
		};
/* End PBXTargetDependency section */

/* Begin PBXVariantGroup section */
		7449033A1D11A97200A48E3B /* Info.plist */ = {
			isa = PBXVariantGroup;
			children = (
				7449033B1D11A97200A48E3B /* Base */,
			);
			name = Info.plist;
			sourceTree = "<group>";
		};
		7449033C1D11A97200A48E3B /* LaunchScreen.storyboard */ = {
			isa = PBXVariantGroup;
			children = (
				7449033D1D11A97200A48E3B /* Base */,
			);
			name = LaunchScreen.storyboard;
			sourceTree = "<group>";
		};
/* End PBXVariantGroup section */

/* Begin XCBuildConfiguration section */
		744902FB1D11A5D400A48E3B /* Debug */ = {
			isa = XCBuildConfiguration;
			buildSettings = {
				ALWAYS_SEARCH_USER_PATHS = NO;
				CLANG_ANALYZER_NONNULL = YES;
				CLANG_CXX_LANGUAGE_STANDARD = "gnu++0x";
				CLANG_CXX_LIBRARY = "libc++";
				CLANG_ENABLE_MODULES = YES;
				CLANG_ENABLE_OBJC_ARC = YES;
				CLANG_WARN_BOOL_CONVERSION = YES;
				CLANG_WARN_CONSTANT_CONVERSION = YES;
				CLANG_WARN_DIRECT_OBJC_ISA_USAGE = YES_ERROR;
				CLANG_WARN_DOCUMENTATION_COMMENTS = YES;
				CLANG_WARN_EMPTY_BODY = YES;
				CLANG_WARN_ENUM_CONVERSION = YES;
				CLANG_WARN_INT_CONVERSION = YES;
				CLANG_WARN_OBJC_ROOT_CLASS = YES_ERROR;
				CLANG_WARN_UNREACHABLE_CODE = YES;
				CLANG_WARN__DUPLICATE_METHOD_MATCH = YES;
				"CODE_SIGN_IDENTITY[sdk=iphoneos*]" = "iPhone Developer";
				COPY_PHASE_STRIP = NO;
				DEBUG_INFORMATION_FORMAT = dwarf;
				ENABLE_STRICT_OBJC_MSGSEND = YES;
				ENABLE_TESTABILITY = YES;
				GCC_C_LANGUAGE_STANDARD = gnu99;
				GCC_DYNAMIC_NO_PIC = NO;
				GCC_NO_COMMON_BLOCKS = YES;
				GCC_OPTIMIZATION_LEVEL = 0;
				GCC_PREPROCESSOR_DEFINITIONS = (
					"DEBUG=1",
					"$(inherited)",
				);
				GCC_WARN_64_TO_32_BIT_CONVERSION = YES;
				GCC_WARN_ABOUT_RETURN_TYPE = YES_ERROR;
				GCC_WARN_UNDECLARED_SELECTOR = YES;
				GCC_WARN_UNINITIALIZED_AUTOS = YES_AGGRESSIVE;
				GCC_WARN_UNUSED_FUNCTION = YES;
				GCC_WARN_UNUSED_VARIABLE = YES;
				IPHONEOS_DEPLOYMENT_TARGET = 10.0;
				MTL_ENABLE_DEBUG_INFO = YES;
				ONLY_ACTIVE_ARCH = YES;
				SDKROOT = iphoneos;
				SWIFT_ACTIVE_COMPILATION_CONDITIONS = DEBUG;
				SWIFT_OPTIMIZATION_LEVEL = "-Onone";
				TARGETED_DEVICE_FAMILY = "1,2";
			};
			name = Debug;
		};
		744902FC1D11A5D400A48E3B /* Release */ = {
			isa = XCBuildConfiguration;
			buildSettings = {
				ALWAYS_SEARCH_USER_PATHS = NO;
				CLANG_ANALYZER_NONNULL = YES;
				CLANG_CXX_LANGUAGE_STANDARD = "gnu++0x";
				CLANG_CXX_LIBRARY = "libc++";
				CLANG_ENABLE_MODULES = YES;
				CLANG_ENABLE_OBJC_ARC = YES;
				CLANG_WARN_BOOL_CONVERSION = YES;
				CLANG_WARN_CONSTANT_CONVERSION = YES;
				CLANG_WARN_DIRECT_OBJC_ISA_USAGE = YES_ERROR;
				CLANG_WARN_DOCUMENTATION_COMMENTS = YES;
				CLANG_WARN_EMPTY_BODY = YES;
				CLANG_WARN_ENUM_CONVERSION = YES;
				CLANG_WARN_INT_CONVERSION = YES;
				CLANG_WARN_OBJC_ROOT_CLASS = YES_ERROR;
				CLANG_WARN_UNREACHABLE_CODE = YES;
				CLANG_WARN__DUPLICATE_METHOD_MATCH = YES;
				"CODE_SIGN_IDENTITY[sdk=iphoneos*]" = "iPhone Developer";
				COPY_PHASE_STRIP = NO;
				DEBUG_INFORMATION_FORMAT = "dwarf-with-dsym";
				ENABLE_NS_ASSERTIONS = NO;
				ENABLE_STRICT_OBJC_MSGSEND = YES;
				GCC_C_LANGUAGE_STANDARD = gnu99;
				GCC_NO_COMMON_BLOCKS = YES;
				GCC_WARN_64_TO_32_BIT_CONVERSION = YES;
				GCC_WARN_ABOUT_RETURN_TYPE = YES_ERROR;
				GCC_WARN_UNDECLARED_SELECTOR = YES;
				GCC_WARN_UNINITIALIZED_AUTOS = YES_AGGRESSIVE;
				GCC_WARN_UNUSED_FUNCTION = YES;
				GCC_WARN_UNUSED_VARIABLE = YES;
				IPHONEOS_DEPLOYMENT_TARGET = 10.0;
				MTL_ENABLE_DEBUG_INFO = NO;
				SDKROOT = iphoneos;
				SWIFT_OPTIMIZATION_LEVEL = "-Owholemodule";
				TARGETED_DEVICE_FAMILY = "1,2";
				VALIDATE_PRODUCT = YES;
			};
			name = Release;
		};
		744902FE1D11A5D400A48E3B /* Debug */ = {
			isa = XCBuildConfiguration;
			buildSettings = {
				ASSETCATALOG_COMPILER_APPICON_NAME = AppIcon;
				INFOPLIST_FILE = Balloon/Info.plist;
				LD_RUNPATH_SEARCH_PATHS = "$(inherited) @executable_path/Frameworks";
				PRODUCT_BUNDLE_IDENTIFIER = cn.balloon.Balloon;
				PRODUCT_NAME = "$(TARGET_NAME)";
				SWIFT_VERSION = 3.0;
			};
			name = Debug;
		};
		744902FF1D11A5D400A48E3B /* Release */ = {
			isa = XCBuildConfiguration;
			buildSettings = {
				ASSETCATALOG_COMPILER_APPICON_NAME = AppIcon;
				INFOPLIST_FILE = Balloon/Info.plist;
				LD_RUNPATH_SEARCH_PATHS = "$(inherited) @executable_path/Frameworks";
				PRODUCT_BUNDLE_IDENTIFIER = cn.balloon.Balloon;
				PRODUCT_NAME = "$(TARGET_NAME)";
				SWIFT_VERSION = 3.0;
			};
			name = Release;
		};
		744903011D11A5D400A48E3B /* Debug */ = {
			isa = XCBuildConfiguration;
			buildSettings = {
				BUNDLE_LOADER = "$(TEST_HOST)";
				INFOPLIST_FILE = BalloonTests/Info.plist;
				LD_RUNPATH_SEARCH_PATHS = "$(inherited) @executable_path/Frameworks @loader_path/Frameworks";
				PRODUCT_BUNDLE_IDENTIFIER = cn.balloon.BalloonTests;
				PRODUCT_NAME = "$(TARGET_NAME)";
				SWIFT_VERSION = 3.0;
				TEST_HOST = "$(BUILT_PRODUCTS_DIR)/Balloon.app/Balloon";
			};
			name = Debug;
		};
		744903021D11A5D400A48E3B /* Release */ = {
			isa = XCBuildConfiguration;
			buildSettings = {
				BUNDLE_LOADER = "$(TEST_HOST)";
				INFOPLIST_FILE = BalloonTests/Info.plist;
				LD_RUNPATH_SEARCH_PATHS = "$(inherited) @executable_path/Frameworks @loader_path/Frameworks";
				PRODUCT_BUNDLE_IDENTIFIER = cn.balloon.BalloonTests;
				PRODUCT_NAME = "$(TARGET_NAME)";
				SWIFT_VERSION = 3.0;
				TEST_HOST = "$(BUILT_PRODUCTS_DIR)/Balloon.app/Balloon";
			};
			name = Release;
		};
		744903041D11A5D400A48E3B /* Debug */ = {
			isa = XCBuildConfiguration;
			buildSettings = {
				INFOPLIST_FILE = BalloonUITests/Info.plist;
				LD_RUNPATH_SEARCH_PATHS = "$(inherited) @executable_path/Frameworks @loader_path/Frameworks";
				PRODUCT_BUNDLE_IDENTIFIER = cn.balloon.BalloonUITests;
				PRODUCT_NAME = "$(TARGET_NAME)";
				SWIFT_VERSION = 3.0;
				TEST_TARGET_NAME = Balloon;
			};
			name = Debug;
		};
		744903051D11A5D400A48E3B /* Release */ = {
			isa = XCBuildConfiguration;
			buildSettings = {
				INFOPLIST_FILE = BalloonUITests/Info.plist;
				LD_RUNPATH_SEARCH_PATHS = "$(inherited) @executable_path/Frameworks @loader_path/Frameworks";
				PRODUCT_BUNDLE_IDENTIFIER = cn.balloon.BalloonUITests;
				PRODUCT_NAME = "$(TARGET_NAME)";
				SWIFT_VERSION = 3.0;
				TEST_TARGET_NAME = Balloon;
			};
			name = Release;
		};
/* End XCBuildConfiguration section */

/* Begin XCConfigurationList section */
		744902D01D11A5D400A48E3B /* Build configuration list for PBXProject "Balloon" */ = {
			isa = XCConfigurationList;
			buildConfigurations = (
				744902FB1D11A5D400A48E3B /* Debug */,
				744902FC1D11A5D400A48E3B /* Release */,
			);
			defaultConfigurationIsVisible = 0;
			defaultConfigurationName = Release;
		};
		744902FD1D11A5D400A48E3B /* Build configuration list for PBXNativeTarget "Balloon" */ = {
			isa = XCConfigurationList;
			buildConfigurations = (
				744902FE1D11A5D400A48E3B /* Debug */,
				744902FF1D11A5D400A48E3B /* Release */,
			);
			defaultConfigurationIsVisible = 0;
		};
		744903001D11A5D400A48E3B /* Build configuration list for PBXNativeTarget "BalloonTests" */ = {
			isa = XCConfigurationList;
			buildConfigurations = (
				744903011D11A5D400A48E3B /* Debug */,
				744903021D11A5D400A48E3B /* Release */,
			);
			defaultConfigurationIsVisible = 0;
		};
		744903031D11A5D400A48E3B /* Build configuration list for PBXNativeTarget "BalloonUITests" */ = {
			isa = XCConfigurationList;
			buildConfigurations = (
				744903041D11A5D400A48E3B /* Debug */,
				744903051D11A5D400A48E3B /* Release */,
			);
			defaultConfigurationIsVisible = 0;
		};
/* End XCConfigurationList section */
	};
	rootObject = 744902CD1D11A5D400A48E3B /* Project object */;
}
